
Microsoft Visual Studio Solution File, Format Version 12.00
Project("{FAE04EC0-301F-11D3-BF4B-00C04F79EFBC}") = "RecipesEverywhere", "RecipesEverywhere\RecipesEverywhere.csproj", "{B4E53CAF-04A5-42F7-9EA2-55D1D2547B17}"
EndProject
Global
	GlobalSection(SolutionConfigurationPlatforms) = preSolution
		Debug|Any CPU = Debug|Any CPU
		Release|Any CPU = Release|Any CPU
	EndGlobalSection
	GlobalSection(ProjectConfigurationPlatforms) = postSolution
		{B4E53CAF-04A5-42F7-9EA2-55D1D2547B17}.Debug|Any CPU.ActiveCfg = Debug|Any CPU
		{B4E53CAF-04A5-42F7-9EA2-55D1D2547B17}.Debug|Any CPU.Build.0 = Debug|Any CPU
		{B4E53CAF-04A5-42F7-9EA2-55D1D2547B17}.Release|Any CPU.ActiveCfg = Release|Any CPU
		{B4E53CAF-04A5-42F7-9EA2-55D1D2547B17}.Release|Any CPU.Build.0 = Release|Any CPU
	EndGlobalSection
EndGlobal
